// !$*UTF8*$!
{
	archiveVersion = 1;
	classes = {
	};
	objectVersion = 46;
	objects = {

/* Begin PBXBuildFile section */
		71AC168E1B2D36CC0079B645 /* AppDelegate.swift in Sources */ = {isa = PBXBuildFile; fileRef = 71AC168D1B2D36CC0079B645 /* AppDelegate.swift */; };
		71AC16901B2D36CC0079B645 /* ViewController.swift in Sources */ = {isa = PBXBuildFile; fileRef = 71AC168F1B2D36CC0079B645 /* ViewController.swift */; };
		71AC16931B2D36CC0079B645 /* Main.storyboard in Resources */ = {isa = PBXBuildFile; fileRef = 71AC16911B2D36CC0079B645 /* Main.storyboard */; };
		71AC16951B2D36CC0079B645 /* Images.xcassets in Resources */ = {isa = PBXBuildFile; fileRef = 71AC16941B2D36CC0079B645 /* Images.xcassets */; };
		71AC16981B2D36CC0079B645 /* LaunchScreen.xib in Resources */ = {isa = PBXBuildFile; fileRef = 71AC16961B2D36CC0079B645 /* LaunchScreen.xib */; };
		71AC16A41B2D36CC0079B645 /* clapTests.swift in Sources */ = {isa = PBXBuildFile; fileRef = 71AC16A31B2D36CC0079B645 /* clapTests.swift */; };
		71AC16AE1B2D37060079B645 /* AVFoundation.framework in Frameworks */ = {isa = PBXBuildFile; fileRef = 71AC16AD1B2D37060079B645 /* AVFoundation.framework */; };
		71AC16B11B2D372B0079B645 /* clap-button.png in Resources */ = {isa = PBXBuildFile; fileRef = 71AC16AF1B2D372B0079B645 /* clap-button.png */; };
		71AC16B21B2D372B0079B645 /* icon.png in Resources */ = {isa = PBXBuildFile; fileRef = 71AC16B01B2D372B0079B645 /* icon.png */; };
		71AC16B41B2D3DF50079B645 /* clap.wav in Resources */ = {isa = PBXBuildFile; fileRef = 71AC16B31B2D3DF50079B645 /* clap.wav */; };
/* End PBXBuildFile section */

/* Begin PBXContainerItemProxy section */
		71AC169E1B2D36CC0079B645 /* PBXContainerItemProxy */ = {
			isa = PBXContainerItemProxy;
			containerPortal = 71AC16801B2D36CC0079B645 /* Project object */;
			proxyType = 1;
			remoteGlobalIDString = 71AC16871B2D36CC0079B645;
			remoteInfo = clap;
		};
/* End PBXContainerItemProxy section */

/* Begin PBXFileReference section */
		71AC16881B2D36CC0079B645 /* clap.app */ = {isa = PBXFileReference; explicitFileType = wrapper.application; includeInIndex = 0; path = clap.app; sourceTree = BUILT_PRODUCTS_DIR; };
		71AC168C1B2D36CC0079B645 /* Info.plist */ = {isa = PBXFileReference; lastKnownFileType = text.plist.xml; path = Info.plist; sourceTree = "<group>"; };
		71AC168D1B2D36CC0079B645 /* AppDelegate.swift */ = {isa = PBXFileReference; lastKnownFileType = sourcecode.swift; path = AppDelegate.swift; sourceTree = "<group>"; };
		71AC168F1B2D36CC0079B645 /* ViewController.swift */ = {isa = PBXFileReference; lastKnownFileType = sourcecode.swift; path = ViewController.swift; sourceTree = "<group>"; };
		71AC16921B2D36CC0079B645 /* Base */ = {isa = PBXFileReference; lastKnownFileType = file.storyboard; name = Base; path = Base.lproj/Main.storyboard; sourceTree = "<group>"; };
		71AC16941B2D36CC0079B645 /* Images.xcassets */ = {isa = PBXFileReference; lastKnownFileType = folder.assetcatalog; path = Images.xcassets; sourceTree = "<group>"; };
		71AC16971B2D36CC0079B645 /* Base */ = {isa = PBXFileReference; lastKnownFileType = file.xib; name = Base; path = Base.lproj/LaunchScreen.xib; sourceTree = "<group>"; };
		71AC169D1B2D36CC0079B645 /* clapTests.xctest */ = {isa = PBXFileReference; explicitFileType = wrapper.cfbundle; includeInIndex = 0; path = clapTests.xctest; sourceTree = BUILT_PRODUCTS_DIR; };
		71AC16A21B2D36CC0079B645 /* Info.plist */ = {isa = PBXFileReference; lastKnownFileType = text.plist.xml; path = Info.plist; sourceTree = "<group>"; };
		71AC16A31B2D36CC0079B645 /* clapTests.swift */ = {isa = PBXFileReference; lastKnownFileType = sourcecode.swift; path = clapTests.swift; sourceTree = "<group>"; };
		71AC16AD1B2D37060079B645 /* AVFoundation.framework */ = {isa = PBXFileReference; lastKnownFileType = wrapper.framework; name = AVFoundation.framework; path = System/Library/Frameworks/AVFoundation.framework; sourceTree = SDKROOT; };
		71AC16AF1B2D372B0079B645 /* clap-button.png */ = {isa = PBXFileReference; lastKnownFileType = image.png; name = "clap-button.png"; path = "../../clap<課題用>/3_clap/clap-button.png"; sourceTree = "<group>"; };
		71AC16B01B2D372B0079B645 /* icon.png */ = {isa = PBXFileReference; lastKnownFileType = image.png; name = icon.png; path = "../../clap<課題用>/3_clap/icon.png"; sourceTree = "<group>"; };
		71AC16B31B2D3DF50079B645 /* clap.wav */ = {isa = PBXFileReference; lastKnownFileType = audio.wav; name = clap.wav; path = "../../clap<課題用>/3_clap/clap.wav"; sourceTree = "<group>"; };
/* End PBXFileReference section */

/* Begin PBXFrameworksBuildPhase section */
		71AC16851B2D36CC0079B645 /* Frameworks */ = {
			isa = PBXFrameworksBuildPhase;
			buildActionMask = 2147483647;
			files = (
				71AC16AE1B2D37060079B645 /* AVFoundation.framework in Frameworks */,
			);
			runOnlyForDeploymentPostprocessing = 0;
		};
		71AC169A1B2D36CC0079B645 /* Frameworks */ = {
			isa = PBXFrameworksBuildPhase;
			buildActionMask = 2147483647;
			files = (
			);
			runOnlyForDeploymentPostprocessing = 0;
		};
/* End PBXFrameworksBuildPhase section */

/* Begin PBXGroup section */
		71AC167F1B2D36CC0079B645 = {
			isa = PBXGroup;
			children = (
				71AC16AD1B2D37060079B645 /* AVFoundation.framework */,
				71AC168A1B2D36CC0079B645 /* clap */,
				71AC16A01B2D36CC0079B645 /* clapTests */,
				71AC16891B2D36CC0079B645 /* Products */,
			);
			sourceTree = "<group>";
		};
		71AC16891B2D36CC0079B645 /* Products */ = {
			isa = PBXGroup;
			children = (
				71AC16881B2D36CC0079B645 /* clap.app */,
				71AC169D1B2D36CC0079B645 /* clapTests.xctest */,
			);
			name = Products;
			sourceTree = "<group>";
		};
		71AC168A1B2D36CC0079B645 /* clap */ = {
			isa = PBXGroup;
			children = (
				71AC16B31B2D3DF50079B645 /* clap.wav */,
				71AC16AF1B2D372B0079B645 /* clap-button.png */,
				71AC16B01B2D372B0079B645 /* icon.png */,
				71AC168D1B2D36CC0079B645 /* AppDelegate.swift */,
				71AC168F1B2D36CC0079B645 /* ViewController.swift */,
				71AC16911B2D36CC0079B645 /* Main.storyboard */,
				71AC16941B2D36CC0079B645 /* Images.xcassets */,
				71AC16961B2D36CC0079B645 /* LaunchScreen.xib */,
				71AC168B1B2D36CC0079B645 /* Supporting Files */,
			);
			path = clap;
			sourceTree = "<group>";
		};
		71AC168B1B2D36CC0079B645 /* Supporting Files */ = {
			isa = PBXGroup;
			children = (
				71AC168C1B2D36CC0079B645 /* Info.plist */,
			);
			name = "Supporting Files";
			sourceTree = "<group>";
		};
		71AC16A01B2D36CC0079B645 /* clapTests */ = {
			isa = PBXGroup;
			children = (
				71AC16A31B2D36CC0079B645 /* clapTests.swift */,
				71AC16A11B2D36CC0079B645 /* Supporting Files */,
			);
			path = clapTests;
			sourceTree = "<group>";
		};
		71AC16A11B2D36CC0079B645 /* Supporting Files */ = {
			isa = PBXGroup;
			children = (
				71AC16A21B2D36CC0079B645 /* Info.plist */,
			);
			name = "Supporting Files";
			sourceTree = "<group>";
		};
/* End PBXGroup section */

/* Begin PBXNativeTarget section */
		71AC16871B2D36CC0079B645 /* clap */ = {
			isa = PBXNativeTarget;
			buildConfigurationList = 71AC16A71B2D36CC0079B645 /* Build configuration list for PBXNativeTarget "clap" */;
			buildPhases = (
				71AC16841B2D36CC0079B645 /* Sources */,
				71AC16851B2D36CC0079B645 /* Frameworks */,
				71AC16861B2D36CC0079B645 /* Resources */,
			);
			buildRules = (
			);
			dependencies = (
			);
			name = clap;
			productName = clap;
			productReference = 71AC16881B2D36CC0079B645 /* clap.app */;
			productType = "com.apple.product-type.application";
		};
		71AC169C1B2D36CC0079B645 /* clapTests */ = {
			isa = PBXNativeTarget;
			buildConfigurationList = 71AC16AA1B2D36CC0079B645 /* Build configuration list for PBXNativeTarget "clapTests" */;
			buildPhases = (
				71AC16991B2D36CC0079B645 /* Sources */,
				71AC169A1B2D36CC0079B645 /* Frameworks */,
				71AC169B1B2D36CC0079B645 /* Resources */,
			);
			buildRules = (
			);
			dependencies = (
				71AC169F1B2D36CC0079B645 /* PBXTargetDependency */,
			);
			name = clapTests;
			productName = clapTests;
			productReference = 71AC169D1B2D36CC0079B645 /* clapTests.xctest */;
			productType = "com.apple.product-type.bundle.unit-test";
		};
/* End PBXNativeTarget section */

/* Begin PBXProject section */
		71AC16801B2D36CC0079B645 /* Project object */ = {
			isa = PBXProject;
			attributes = {
				LastUpgradeCheck = 0630;
				ORGANIZATIONNAME = miryon;
				TargetAttributes = {
					71AC16871B2D36CC0079B645 = {
						CreatedOnToolsVersion = 6.3.2;
					};
					71AC169C1B2D36CC0079B645 = {
						CreatedOnToolsVersion = 6.3.2;
						TestTargetID = 71AC16871B2D36CC0079B645;
					};
				};
			};
			buildConfigurationList = 71AC16831B2D36CC0079B645 /* Build configuration list for PBXProject "clap" */;
			compatibilityVersion = "Xcode 3.2";
			developmentRegion = English;
			hasScannedForEncodings = 0;
			knownRegions = (
				en,
				Base,
			);
			mainGroup = 71AC167F1B2D36CC0079B645;
			productRefGroup = 71AC16891B2D36CC0079B645 /* Products */;
			projectDirPath = "";
			projectRoot = "";
			targets = (
				71AC16871B2D36CC0079B645 /* clap */,
				71AC169C1B2D36CC0079B645 /* clapTests */,
			);
		};
/* End PBXProject section */

/* Begin PBXResourcesBuildPhase section */
		71AC16861B2D36CC0079B645 /* Resources */ = {
			isa = PBXResourcesBuildPhase;
			buildActionMask = 2147483647;
			files = (
				71AC16B41B2D3DF50079B645 /* clap.wav in Resources */,
				71AC16931B2D36CC0079B645 /* Main.storyboard in Resources */,
				71AC16B21B2D372B0079B645 /* icon.png in Resources */,
				71AC16981B2D36CC0079B645 /* LaunchScreen.xib in Resources */,
				71AC16951B2D36CC0079B645 /* Images.xcassets in Resources */,
				71AC16B11B2D372B0079B645 /* clap-button.png in Resources */,
			);
			runOnlyForDeploymentPostprocessing = 0;
		};
		71AC169B1B2D36CC0079B645 /* Resources */ = {
			isa = PBXResourcesBuildPhase;
			buildActionMask = 2147483647;
			files = (
			);
			runOnlyForDeploymentPostprocessing = 0;
		};
/* End PBXResourcesBuildPhase section */

/* Begin PBXSourcesBuildPhase section */
		71AC16841B2D36CC0079B645 /* Sources */ = {
			isa = PBXSourcesBuildPhase;
			buildActionMask = 2147483647;
			files = (
				71AC16901B2D36CC0079B645 /* ViewController.swift in Sources */,
				71AC168E1B2D36CC0079B645 /* AppDelegate.swift in Sources */,
			);
			runOnlyForDeploymentPostprocessing = 0;
		};
		71AC16991B2D36CC0079B645 /* Sources */ = {
			isa = PBXSourcesBuildPhase;
			buildActionMask = 2147483647;
			files = (
				71AC16A41B2D36CC0079B645 /* clapTests.swift in Sources */,
			);
			runOnlyForDeploymentPostprocessing = 0;
		};
/* End PBXSourcesBuildPhase section */

/* Begin PBXTargetDependency section */
		71AC169F1B2D36CC0079B645 /* PBXTargetDependency */ = {
			isa = PBXTargetDependency;
			target = 71AC16871B2D36CC0079B645 /* clap */;
			targetProxy = 71AC169E1B2D36CC0079B645 /* PBXContainerItemProxy */;
		};
/* End PBXTargetDependency section */

/* Begin PBXVariantGroup section */
		71AC16911B2D36CC0079B645 /* Main.storyboard */ = {
			isa = PBXVariantGroup;
			children = (
				71AC16921B2D36CC0079B645 /* Base */,
			);
			name = Main.storyboard;
			sourceTree = "<group>";
		};
		71AC16961B2D36CC0079B645 /* LaunchScreen.xib */ = {
			isa = PBXVariantGroup;
			children = (
				71AC16971B2D36CC0079B645 /* Base */,
			);
			name = LaunchScreen.xib;
			sourceTree = "<group>";
		};
/* End PBXVariantGroup section */

/* Begin XCBuildConfiguration section */
		71AC16A51B2D36CC0079B645 /* Debug */ = {
			isa = XCBuildConfiguration;
			buildSettings = {
				ALWAYS_SEARCH_USER_PATHS = NO;
				CLANG_CXX_LANGUAGE_STANDARD = "gnu++0x";
				CLANG_CXX_LIBRARY = "libc++";
				CLANG_ENABLE_MODULES = YES;
				CLANG_ENABLE_OBJC_ARC = YES;
				CLANG_WARN_BOOL_CONVERSION = YES;
				CLANG_WARN_CONSTANT_CONVERSION = YES;
				CLANG_WARN_DIRECT_OBJC_ISA_USAGE = YES_ERROR;
				CLANG_WARN_EMPTY_BODY = YES;
				CLANG_WARN_ENUM_CONVERSION = YES;
				CLANG_WARN_INT_CONVERSION = YES;
				CLANG_WARN_OBJC_ROOT_CLASS = YES_ERROR;
				CLANG_WARN_UNREACHABLE_CODE = YES;
				CLANG_WARN__DUPLICATE_METHOD_MATCH = YES;
				"CODE_SIGN_IDENTITY[sdk=iphoneos*]" = "iPhone Developer";
				COPY_PHASE_STRIP = NO;
				DEBUG_INFORMATION_FORMAT = "dwarf-with-dsym";
				ENABLE_STRICT_OBJC_MSGSEND = YES;
				GCC_C_LANGUAGE_STANDARD = gnu99;
				GCC_DYNAMIC_NO_PIC = NO;
				GCC_NO_COMMON_BLOCKS = YES;
				GCC_OPTIMIZATION_LEVEL = 0;
				GCC_PREPROCESSOR_DEFINITIONS = (
					"DEBUG=1",
					"$(inherited)",
				);
				GCC_SYMBOLS_PRIVATE_EXTERN = NO;
				GCC_WARN_64_TO_32_BIT_CONVERSION = YES;
				GCC_WARN_ABOUT_RETURN_TYPE = YES_ERROR;
				GCC_WARN_UNDECLARED_SELECTOR = YES;
				GCC_WARN_UNINITIALIZED_AUTOS = YES_AGGRESSIVE;
				GCC_WARN_UNUSED_FUNCTION = YES;
				GCC_WARN_UNUSED_VARIABLE = YES;
				IPHONEOS_DEPLOYMENT_TARGET = 8.3;
				MTL_ENABLE_DEBUG_INFO = YES;
				ONLY_ACTIVE_ARCH = YES;
				SDKROOT = iphoneos;
				SWIFT_OPTIMIZATION_LEVEL = "-Onone";
			};
			name = Debug;
		};
		71AC16A61B2D36CC0079B645 /* Release */ = {
			isa = XCBuildConfiguration;
			buildSettings = {
				ALWAYS_SEARCH_USER_PATHS = NO;
				CLANG_CXX_LANGUAGE_STANDARD = "gnu++0x";
				CLANG_CXX_LIBRARY = "libc++";
				CLANG_ENABLE_MODULES = YES;
				CLANG_ENABLE_OBJC_ARC = YES;
				CLANG_WARN_BOOL_CONVERSION = YES;
				CLANG_WARN_CONSTANT_CONVERSION = YES;
				CLANG_WARN_DIRECT_OBJC_ISA_USAGE = YES_ERROR;
				CLANG_WARN_EMPTY_BODY = YES;
				CLANG_WARN_ENUM_CONVERSION = YES;
				CLANG_WARN_INT_CONVERSION = YES;
				CLANG_WARN_OBJC_ROOT_CLASS = YES_ERROR;
				CLANG_WARN_UNREACHABLE_CODE = YES;
				CLANG_WARN__DUPLICATE_METHOD_MATCH = YES;
				"CODE_SIGN_IDENTITY[sdk=iphoneos*]" = "iPhone Developer";
				COPY_PHASE_STRIP = NO;
				DEBUG_INFORMATION_FORMAT = "dwarf-with-dsym";
				ENABLE_NS_ASSERTIONS = NO;
				ENABLE_STRICT_OBJC_MSGSEND = YES;
				GCC_C_LANGUAGE_STANDARD = gnu99;
				GCC_NO_COMMON_BLOCKS = YES;
				GCC_WARN_64_TO_32_BIT_CONVERSION = YES;
				GCC_WARN_ABOUT_RETURN_TYPE = YES_ERROR;
				GCC_WARN_UNDECLARED_SELECTOR = YES;
				GCC_WARN_UNINITIALIZED_AUTOS = YES_AGGRESSIVE;
				GCC_WARN_UNUSED_FUNCTION = YES;
				GCC_WARN_UNUSED_VARIABLE = YES;
				IPHONEOS_DEPLOYMENT_TARGET = 8.3;
				MTL_ENABLE_DEBUG_INFO = NO;
				SDKROOT = iphoneos;
				VALIDATE_PRODUCT = YES;
			};
			name = Release;
		};
		71AC16A81B2D36CC0079B645 /* Debug */ = {
			isa = XCBuildConfiguration;
			buildSettings = {
				ASSETCATALOG_COMPILER_APPICON_NAME = AppIcon;
				INFOPLIST_FILE = clap/Info.plist;
				LD_RUNPATH_SEARCH_PATHS = "$(inherited) @executable_path/Frameworks";
				PRODUCT_NAME = "$(TARGET_NAME)";
			};
			name = Debug;
		};
		71AC16A91B2D36CC0079B645 /* Release */ = {
			isa = XCBuildConfiguration;
			buildSettings = {
				ASSETCATALOG_COMPILER_APPICON_NAME = AppIcon;
				INFOPLIST_FILE = clap/Info.plist;
				LD_RUNPATH_SEARCH_PATHS = "$(inherited) @executable_path/Frameworks";
				PRODUCT_NAME = "$(TARGET_NAME)";
			};
			name = Release;
		};
		71AC16AB1B2D36CC0079B645 /* Debug */ = {
			isa = XCBuildConfiguration;
			buildSettings = {
				BUNDLE_LOADER = "$(TEST_HOST)";
				FRAMEWORK_SEARCH_PATHS = (
					"$(SDKROOT)/Developer/Library/Frameworks",
					"$(inherited)",
				);
				GCC_PREPROCESSOR_DEFINITIONS = (
					"DEBUG=1",
					"$(inherited)",
				);
				INFOPLIST_FILE = clapTests/Info.plist;
				LD_RUNPATH_SEARCH_PATHS = "$(inherited) @executable_path/Frameworks @loader_path/Frameworks";
				PRODUCT_NAME = "$(TARGET_NAME)";
				TEST_HOST = "$(BUILT_PRODUCTS_DIR)/clap.app/clap";
			};
			name = Debug;
		};
		71AC16AC1B2D36CC0079B645 /* Release */ = {
			isa = XCBuildConfiguration;
			buildSettings = {
				BUNDLE_LOADER = "$(TEST_HOST)";
				FRAMEWORK_SEARCH_PATHS = (
					"$(SDKROOT)/Developer/Library/Frameworks",
					"$(inherited)",
				);
				INFOPLIST_FILE = clapTests/Info.plist;
				LD_RUNPATH_SEARCH_PATHS = "$(inherited) @executable_path/Frameworks @loader_path/Frameworks";
				PRODUCT_NAME = "$(TARGET_NAME)";
				TEST_HOST = "$(BUILT_PRODUCTS_DIR)/clap.app/clap";
			};
			name = Release;
		};
/* End XCBuildConfiguration section */

/* Begin XCConfigurationList section */
		71AC16831B2D36CC0079B645 /* Build configuration list for PBXProject "clap" */ = {
			isa = XCConfigurationList;
			buildConfigurations = (
				71AC16A51B2D36CC0079B645 /* Debug */,
				71AC16A61B2D36CC0079B645 /* Release */,
			);
			defaultConfigurationIsVisible = 0;
			defaultConfigurationName = Release;
		};
		71AC16A71B2D36CC0079B645 /* Build configuration list for PBXNativeTarget "clap" */ = {
			isa = XCConfigurationList;
			buildConfigurations = (
				71AC16A81B2D36CC0079B645 /* Debug */,
				71AC16A91B2D36CC0079B645 /* Release */,
			);
			defaultConfigurationIsVisible = 0;
		};
		71AC16AA1B2D36CC0079B645 /* Build configuration list for PBXNativeTarget "clapTests" */ = {
			isa = XCConfigurationList;
			buildConfigurations = (
				71AC16AB1B2D36CC0079B645 /* Debug */,
				71AC16AC1B2D36CC0079B645 /* Release */,
			);
			defaultConfigurationIsVisible = 0;
		};
/* End XCConfigurationList section */
	};
	rootObject = 71AC16801B2D36CC0079B645 /* Project object */;
}
